
Microsoft Visual Studio Solution File, Format Version 12.00
# Visual Studio 15
VisualStudioVersion = 15.0.28307.168
MinimumVisualStudioVersion = 10.0.40219.1
Project("{FAE04EC0-301F-11D3-BF4B-00C04F79EFBC}") = "ConsoleApp1", "ConsoleApp1\ConsoleApp1.csproj", "{6BBC2898-B58C-46A3-B21B-AB4DD0D4EF8A}"
EndProject
Global
	GlobalSection(SolutionConfigurationPlatforms) = preSolution
		Debug|Any CPU = Debug|Any CPU
		Release|Any CPU = Release|Any CPU
	EndGlobalSection
	GlobalSection(ProjectConfigurationPlatforms) = postSolution
		{6BBC2898-B58C-46A3-B21B-AB4DD0D4EF8A}.Debug|Any CPU.ActiveCfg = Debug|Any CPU
		{6BBC2898-B58C-46A3-B21B-AB4DD0D4EF8A}.Debug|Any CPU.Build.0 = Debug|Any CPU
		{6BBC2898-B58C-46A3-B21B-AB4DD0D4EF8A}.Release|Any CPU.ActiveCfg = Release|Any CPU
		{6BBC2898-B58C-46A3-B21B-AB4DD0D4EF8A}.Release|Any CPU.Build.0 = Release|Any CPU
	EndGlobalSection
	GlobalSection(SolutionProperties) = preSolution
		HideSolutionNode = FALSE
	EndGlobalSection
	GlobalSection(ExtensibilityGlobals) = postSolution
		SolutionGuid = {2E603BD0-5989-4821-8E18-1EA886E78159}
	EndGlobalSection
EndGlobal
